// !$*UTF8*$!
{
	archiveVersion = 1;
	classes = {
	};
	objectVersion = 48;
	objects = {

/* Begin PBXBuildFile section */
		89380C761F727FC10046D37F /* AppDelegate.swift in Sources */ = {isa = PBXBuildFile; fileRef = 89380C751F727FC10046D37F /* AppDelegate.swift */; };
		89380C781F727FC10046D37F /* ViewController.swift in Sources */ = {isa = PBXBuildFile; fileRef = 89380C771F727FC10046D37F /* ViewController.swift */; };
		89380C7B1F727FC10046D37F /* Main.storyboard in Resources */ = {isa = PBXBuildFile; fileRef = 89380C791F727FC10046D37F /* Main.storyboard */; };
		89380C7D1F727FC10046D37F /* Assets.xcassets in Resources */ = {isa = PBXBuildFile; fileRef = 89380C7C1F727FC10046D37F /* Assets.xcassets */; };
		89380C801F727FC10046D37F /* LaunchScreen.storyboard in Resources */ = {isa = PBXBuildFile; fileRef = 89380C7E1F727FC10046D37F /* LaunchScreen.storyboard */; };
		89380C881F728A070046D37F /* MercuryController.swift in Sources */ = {isa = PBXBuildFile; fileRef = 89380C871F728A070046D37F /* MercuryController.swift */; };
		89380C8A1F7290D80046D37F /* VenusController.swift in Sources */ = {isa = PBXBuildFile; fileRef = 89380C891F7290D80046D37F /* VenusController.swift */; };
		89380C8C1F72ED0A0046D37F /* EarthController.swift in Sources */ = {isa = PBXBuildFile; fileRef = 89380C8B1F72ED0A0046D37F /* EarthController.swift */; };
		89380C8E1F72F33D0046D37F /* MarsController.swift in Sources */ = {isa = PBXBuildFile; fileRef = 89380C8D1F72F33D0046D37F /* MarsController.swift */; };
/* End PBXBuildFile section */

/* Begin PBXFileReference section */
		89380C721F727FC10046D37F /* The Solar System.app */ = {isa = PBXFileReference; explicitFileType = wrapper.application; includeInIndex = 0; path = "The Solar System.app"; sourceTree = BUILT_PRODUCTS_DIR; };
		89380C751F727FC10046D37F /* AppDelegate.swift */ = {isa = PBXFileReference; lastKnownFileType = sourcecode.swift; path = AppDelegate.swift; sourceTree = "<group>"; };
		89380C771F727FC10046D37F /* ViewController.swift */ = {isa = PBXFileReference; lastKnownFileType = sourcecode.swift; path = ViewController.swift; sourceTree = "<group>"; };
		89380C7A1F727FC10046D37F /* Base */ = {isa = PBXFileReference; lastKnownFileType = file.storyboard; name = Base; path = Base.lproj/Main.storyboard; sourceTree = "<group>"; };
		89380C7C1F727FC10046D37F /* Assets.xcassets */ = {isa = PBXFileReference; lastKnownFileType = folder.assetcatalog; path = Assets.xcassets; sourceTree = "<group>"; };
		89380C7F1F727FC10046D37F /* Base */ = {isa = PBXFileReference; lastKnownFileType = file.storyboard; name = Base; path = Base.lproj/LaunchScreen.storyboard; sourceTree = "<group>"; };
		89380C811F727FC10046D37F /* Info.plist */ = {isa = PBXFileReference; lastKnownFileType = text.plist.xml; path = Info.plist; sourceTree = "<group>"; };
		89380C871F728A070046D37F /* MercuryController.swift */ = {isa = PBXFileReference; lastKnownFileType = sourcecode.swift; path = MercuryController.swift; sourceTree = "<group>"; };
		89380C891F7290D80046D37F /* VenusController.swift */ = {isa = PBXFileReference; lastKnownFileType = sourcecode.swift; path = VenusController.swift; sourceTree = "<group>"; };
		89380C8B1F72ED0A0046D37F /* EarthController.swift */ = {isa = PBXFileReference; lastKnownFileType = sourcecode.swift; path = EarthController.swift; sourceTree = "<group>"; };
		89380C8D1F72F33D0046D37F /* MarsController.swift */ = {isa = PBXFileReference; lastKnownFileType = sourcecode.swift; path = MarsController.swift; sourceTree = "<group>"; };
/* End PBXFileReference section */

/* Begin PBXFrameworksBuildPhase section */
		89380C6F1F727FC10046D37F /* Frameworks */ = {
			isa = PBXFrameworksBuildPhase;
			buildActionMask = 2147483647;
			files = (
			);
			runOnlyForDeploymentPostprocessing = 0;
		};
/* End PBXFrameworksBuildPhase section */

/* Begin PBXGroup section */
		89380C691F727FC00046D37F = {
			isa = PBXGroup;
			children = (
				89380C741F727FC10046D37F /* The Solar System */,
				89380C731F727FC10046D37F /* Products */,
			);
			sourceTree = "<group>";
		};
		89380C731F727FC10046D37F /* Products */ = {
			isa = PBXGroup;
			children = (
				89380C721F727FC10046D37F /* The Solar System.app */,
			);
			name = Products;
			sourceTree = "<group>";
		};
		89380C741F727FC10046D37F /* The Solar System */ = {
			isa = PBXGroup;
			children = (
				89380C751F727FC10046D37F /* AppDelegate.swift */,
				89380C8B1F72ED0A0046D37F /* EarthController.swift */,
				89380C8D1F72F33D0046D37F /* MarsController.swift */,
				89380C871F728A070046D37F /* MercuryController.swift */,
				89380C891F7290D80046D37F /* VenusController.swift */,
				89380C771F727FC10046D37F /* ViewController.swift */,
				89380C791F727FC10046D37F /* Main.storyboard */,
				89380C7C1F727FC10046D37F /* Assets.xcassets */,
				89380C7E1F727FC10046D37F /* LaunchScreen.storyboard */,
				89380C811F727FC10046D37F /* Info.plist */,
			);
			path = "The Solar System";
			sourceTree = "<group>";
		};
/* End PBXGroup section */

/* Begin PBXNativeTarget section */
		89380C711F727FC10046D37F /* The Solar System */ = {
			isa = PBXNativeTarget;
			buildConfigurationList = 89380C841F727FC10046D37F /* Build configuration list for PBXNativeTarget "The Solar System" */;
			buildPhases = (
				89380C6E1F727FC10046D37F /* Sources */,
				89380C6F1F727FC10046D37F /* Frameworks */,
				89380C701F727FC10046D37F /* Resources */,
			);
			buildRules = (
			);
			dependencies = (
			);
			name = "The Solar System";
			productName = "The Solar System";
			productReference = 89380C721F727FC10046D37F /* The Solar System.app */;
			productType = "com.apple.product-type.application";
		};
/* End PBXNativeTarget section */

/* Begin PBXProject section */
		89380C6A1F727FC00046D37F /* Project object */ = {
			isa = PBXProject;
			attributes = {
				LastSwiftUpdateCheck = 0900;
				LastUpgradeCheck = 0900;
				ORGANIZATIONNAME = Alphonso;
				TargetAttributes = {
					89380C711F727FC10046D37F = {
						CreatedOnToolsVersion = 9.0;
						ProvisioningStyle = Automatic;
					};
				};
			};
			buildConfigurationList = 89380C6D1F727FC00046D37F /* Build configuration list for PBXProject "The Solar System" */;
			compatibilityVersion = "Xcode 8.0";
			developmentRegion = en;
			hasScannedForEncodings = 0;
			knownRegions = (
				en,
				Base,
			);
			mainGroup = 89380C691F727FC00046D37F;
			productRefGroup = 89380C731F727FC10046D37F /* Products */;
			projectDirPath = "";
			projectRoot = "";
			targets = (
				89380C711F727FC10046D37F /* The Solar System */,
			);
		};
/* End PBXProject section */

/* Begin PBXResourcesBuildPhase section */
		89380C701F727FC10046D37F /* Resources */ = {
			isa = PBXResourcesBuildPhase;
			buildActionMask = 2147483647;
			files = (
				89380C801F727FC10046D37F /* LaunchScreen.storyboard in Resources */,
				89380C7D1F727FC10046D37F /* Assets.xcassets in Resources */,
				89380C7B1F727FC10046D37F /* Main.storyboard in Resources */,
			);
			runOnlyForDeploymentPostprocessing = 0;
		};
/* End PBXResourcesBuildPhase section */

/* Begin PBXSourcesBuildPhase section */
		89380C6E1F727FC10046D37F /* Sources */ = {
			isa = PBXSourcesBuildPhase;
			buildActionMask = 2147483647;
			files = (
				89380C781F727FC10046D37F /* ViewController.swift in Sources */,
				89380C8A1F7290D80046D37F /* VenusController.swift in Sources */,
				89380C8E1F72F33D0046D37F /* MarsController.swift in Sources */,
				89380C761F727FC10046D37F /* AppDelegate.swift in Sources */,
				89380C8C1F72ED0A0046D37F /* EarthController.swift in Sources */,
				89380C881F728A070046D37F /* MercuryController.swift in Sources */,
			);
			runOnlyForDeploymentPostprocessing = 0;
		};
/* End PBXSourcesBuildPhase section */

/* Begin PBXVariantGroup section */
		89380C791F727FC10046D37F /* Main.storyboard */ = {
			isa = PBXVariantGroup;
			children = (
				89380C7A1F727FC10046D37F /* Base */,
			);
			name = Main.storyboard;
			sourceTree = "<group>";
		};
		89380C7E1F727FC10046D37F /* LaunchScreen.storyboard */ = {
			isa = PBXVariantGroup;
			children = (
				89380C7F1F727FC10046D37F /* Base */,
			);
			name = LaunchScreen.storyboard;
			sourceTree = "<group>";
		};
/* End PBXVariantGroup section */

/* Begin XCBuildConfiguration section */
		89380C821F727FC10046D37F /* Debug */ = {
			isa = XCBuildConfiguration;
			buildSettings = {
				ALWAYS_SEARCH_USER_PATHS = NO;
				CLANG_ANALYZER_NONNULL = YES;
				CLANG_ANALYZER_NUMBER_OBJECT_CONVERSION = YES_AGGRESSIVE;
				CLANG_CXX_LANGUAGE_STANDARD = "gnu++14";
				CLANG_CXX_LIBRARY = "libc++";
				CLANG_ENABLE_MODULES = YES;
				CLANG_ENABLE_OBJC_ARC = YES;
				CLANG_WARN_BLOCK_CAPTURE_AUTORELEASING = YES;
				CLANG_WARN_BOOL_CONVERSION = YES;
				CLANG_WARN_COMMA = YES;
				CLANG_WARN_CONSTANT_CONVERSION = YES;
				CLANG_WARN_DIRECT_OBJC_ISA_USAGE = YES_ERROR;
				CLANG_WARN_DOCUMENTATION_COMMENTS = YES;
				CLANG_WARN_EMPTY_BODY = YES;
				CLANG_WARN_ENUM_CONVERSION = YES;
				CLANG_WARN_INFINITE_RECURSION = YES;
				CLANG_WARN_INT_CONVERSION = YES;
				CLANG_WARN_NON_LITERAL_NULL_CONVERSION = YES;
				CLANG_WARN_OBJC_LITERAL_CONVERSION = YES;
				CLANG_WARN_OBJC_ROOT_CLASS = YES_ERROR;
				CLANG_WARN_RANGE_LOOP_ANALYSIS = YES;
				CLANG_WARN_STRICT_PROTOTYPES = YES;
				CLANG_WARN_SUSPICIOUS_MOVE = YES;
				CLANG_WARN_UNGUARDED_AVAILABILITY = YES_AGGRESSIVE;
				CLANG_WARN_UNREACHABLE_CODE = YES;
				CLANG_WARN__DUPLICATE_METHOD_MATCH = YES;
				CODE_SIGN_IDENTITY = "iPhone Developer";
				COPY_PHASE_STRIP = NO;
				DEBUG_INFORMATION_FORMAT = dwarf;
				ENABLE_STRICT_OBJC_MSGSEND = YES;
				ENABLE_TESTABILITY = YES;
				GCC_C_LANGUAGE_STANDARD = gnu11;
				GCC_DYNAMIC_NO_PIC = NO;
				GCC_NO_COMMON_BLOCKS = YES;
				GCC_OPTIMIZATION_LEVEL = 0;
				GCC_PREPROCESSOR_DEFINITIONS = (
					"DEBUG=1",
					"$(inherited)",
				);
				GCC_WARN_64_TO_32_BIT_CONVERSION = YES;
				GCC_WARN_ABOUT_RETURN_TYPE = YES_ERROR;
				GCC_WARN_UNDECLARED_SELECTOR = YES;
				GCC_WARN_UNINITIALIZED_AUTOS = YES_AGGRESSIVE;
				GCC_WARN_UNUSED_FUNCTION = YES;
				GCC_WARN_UNUSED_VARIABLE = YES;
				IPHONEOS_DEPLOYMENT_TARGET = 11.0;
				MTL_ENABLE_DEBUG_INFO = YES;
				ONLY_ACTIVE_ARCH = YES;
				SDKROOT = iphoneos;
				SWIFT_ACTIVE_COMPILATION_CONDITIONS = DEBUG;
				SWIFT_OPTIMIZATION_LEVEL = "-Onone";
			};
			name = Debug;
		};
		89380C831F727FC10046D37F /* Release */ = {
			isa = XCBuildConfiguration;
			buildSettings = {
				ALWAYS_SEARCH_USER_PATHS = NO;
				CLANG_ANALYZER_NONNULL = YES;
				CLANG_ANALYZER_NUMBER_OBJECT_CONVERSION = YES_AGGRESSIVE;
				CLANG_CXX_LANGUAGE_STANDARD = "gnu++14";
				CLANG_CXX_LIBRARY = "libc++";
				CLANG_ENABLE_MODULES = YES;
				CLANG_ENABLE_OBJC_ARC = YES;
				CLANG_WARN_BLOCK_CAPTURE_AUTORELEASING = YES;
				CLANG_WARN_BOOL_CONVERSION = YES;
				CLANG_WARN_COMMA = YES;
				CLANG_WARN_CONSTANT_CONVERSION = YES;
				CLANG_WARN_DIRECT_OBJC_ISA_USAGE = YES_ERROR;
				CLANG_WARN_DOCUMENTATION_COMMENTS = YES;
				CLANG_WARN_EMPTY_BODY = YES;
				CLANG_WARN_ENUM_CONVERSION = YES;
				CLANG_WARN_INFINITE_RECURSION = YES;
				CLANG_WARN_INT_CONVERSION = YES;
				CLANG_WARN_NON_LITERAL_NULL_CONVERSION = YES;
				CLANG_WARN_OBJC_LITERAL_CONVERSION = YES;
				CLANG_WARN_OBJC_ROOT_CLASS = YES_ERROR;
				CLANG_WARN_RANGE_LOOP_ANALYSIS = YES;
				CLANG_WARN_STRICT_PROTOTYPES = YES;
				CLANG_WARN_SUSPICIOUS_MOVE = YES;
				CLANG_WARN_UNGUARDED_AVAILABILITY = YES_AGGRESSIVE;
				CLANG_WARN_UNREACHABLE_CODE = YES;
				CLANG_WARN__DUPLICATE_METHOD_MATCH = YES;
				CODE_SIGN_IDENTITY = "iPhone Developer";
				COPY_PHASE_STRIP = NO;
				DEBUG_INFORMATION_FORMAT = "dwarf-with-dsym";
				ENABLE_NS_ASSERTIONS = NO;
				ENABLE_STRICT_OBJC_MSGSEND = YES;
				GCC_C_LANGUAGE_STANDARD = gnu11;
				GCC_NO_COMMON_BLOCKS = YES;
				GCC_WARN_64_TO_32_BIT_CONVERSION = YES;
				GCC_WARN_ABOUT_RETURN_TYPE = YES_ERROR;
				GCC_WARN_UNDECLARED_SELECTOR = YES;
				GCC_WARN_UNINITIALIZED_AUTOS = YES_AGGRESSIVE;
				GCC_WARN_UNUSED_FUNCTION = YES;
				GCC_WARN_UNUSED_VARIABLE = YES;
				IPHONEOS_DEPLOYMENT_TARGET = 11.0;
				MTL_ENABLE_DEBUG_INFO = NO;
				SDKROOT = iphoneos;
				SWIFT_OPTIMIZATION_LEVEL = "-Owholemodule";
				VALIDATE_PRODUCT = YES;
			};
			name = Release;
		};
		89380C851F727FC10046D37F /* Debug */ = {
			isa = XCBuildConfiguration;
			buildSettings = {
				ASSETCATALOG_COMPILER_APPICON_NAME = AppIcon;
				CODE_SIGN_STYLE = Automatic;
				DEVELOPMENT_TEAM = 6257XTCRBF;
				INFOPLIST_FILE = "The Solar System/Info.plist";
				LD_RUNPATH_SEARCH_PATHS = "$(inherited) @executable_path/Frameworks";
				PRODUCT_BUNDLE_IDENTIFIER = "com.Alphonso-Sensley-II.The-Solar-System";
				PRODUCT_NAME = "$(TARGET_NAME)";
				SWIFT_VERSION = 4.0;
				TARGETED_DEVICE_FAMILY = "1,2";
			};
			name = Debug;
		};
		89380C861F727FC10046D37F /* Release */ = {
			isa = XCBuildConfiguration;
			buildSettings = {
				ASSETCATALOG_COMPILER_APPICON_NAME = AppIcon;
				CODE_SIGN_STYLE = Automatic;
				DEVELOPMENT_TEAM = 6257XTCRBF;
				INFOPLIST_FILE = "The Solar System/Info.plist";
				LD_RUNPATH_SEARCH_PATHS = "$(inherited) @executable_path/Frameworks";
				PRODUCT_BUNDLE_IDENTIFIER = "com.Alphonso-Sensley-II.The-Solar-System";
				PRODUCT_NAME = "$(TARGET_NAME)";
				SWIFT_VERSION = 4.0;
				TARGETED_DEVICE_FAMILY = "1,2";
			};
			name = Release;
		};
/* End XCBuildConfiguration section */

/* Begin XCConfigurationList section */
		89380C6D1F727FC00046D37F /* Build configuration list for PBXProject "The Solar System" */ = {
			isa = XCConfigurationList;
			buildConfigurations = (
				89380C821F727FC10046D37F /* Debug */,
				89380C831F727FC10046D37F /* Release */,
			);
			defaultConfigurationIsVisible = 0;
			defaultConfigurationName = Release;
		};
		89380C841F727FC10046D37F /* Build configuration list for PBXNativeTarget "The Solar System" */ = {
			isa = XCConfigurationList;
			buildConfigurations = (
				89380C851F727FC10046D37F /* Debug */,
				89380C861F727FC10046D37F /* Release */,
			);
			defaultConfigurationIsVisible = 0;
			defaultConfigurationName = Release;
		};
/* End XCConfigurationList section */
	};
	rootObject = 89380C6A1F727FC00046D37F /* Project object */;
}
